// !$*UTF8*$!
{
	archiveVersion = 1;
	classes = {
	};
	objectVersion = 55;
	objects = {

/* Begin PBXBuildFile section */
		7D24A7F8D6F15F456C80E786 /* Pods_memo.framework in Frameworks */ = {isa = PBXBuildFile; fileRef = E45449C981FE62B9ECD15AED /* Pods_memo.framework */; };
		9505E02A287345DB00686797 /* memoApp.swift in Sources */ = {isa = PBXBuildFile; fileRef = 9505E029287345DB00686797 /* memoApp.swift */; };
		9505E02C287345DB00686797 /* LaunchView.swift in Sources */ = {isa = PBXBuildFile; fileRef = 9505E02B287345DB00686797 /* LaunchView.swift */; };
		9505E02E287345DC00686797 /* Assets.xcassets in Resources */ = {isa = PBXBuildFile; fileRef = 9505E02D287345DC00686797 /* Assets.xcassets */; };
		9505E031287345DC00686797 /* Preview Assets.xcassets in Resources */ = {isa = PBXBuildFile; fileRef = 9505E030287345DC00686797 /* Preview Assets.xcassets */; };
		9505E03D2873473700686797 /* LoginView.swift in Sources */ = {isa = PBXBuildFile; fileRef = 9505E03C2873473700686797 /* LoginView.swift */; };
		9505E03F2873474200686797 /* ProfileView.swift in Sources */ = {isa = PBXBuildFile; fileRef = 9505E03E2873474200686797 /* ProfileView.swift */; };
		9505E0412873478A00686797 /* Models.swift in Sources */ = {isa = PBXBuildFile; fileRef = 9505E0402873478A00686797 /* Models.swift */; };
		9505E0432873479F00686797 /* ContentModel.swift in Sources */ = {isa = PBXBuildFile; fileRef = 9505E0422873479F00686797 /* ContentModel.swift */; };
		9505E04528738B0200686797 /* GoogleService-Info.plist in Resources */ = {isa = PBXBuildFile; fileRef = 9505E04428738B0200686797 /* GoogleService-Info.plist */; };
/* End PBXBuildFile section */

/* Begin PBXFileReference section */
		1B24FE2209F722F0573A25B1 /* Pods-memo.debug.xcconfig */ = {isa = PBXFileReference; includeInIndex = 1; lastKnownFileType = text.xcconfig; name = "Pods-memo.debug.xcconfig"; path = "Target Support Files/Pods-memo/Pods-memo.debug.xcconfig"; sourceTree = "<group>"; };
		9505E026287345DB00686797 /* memo.app */ = {isa = PBXFileReference; explicitFileType = wrapper.application; includeInIndex = 0; path = memo.app; sourceTree = BUILT_PRODUCTS_DIR; };
		9505E029287345DB00686797 /* memoApp.swift */ = {isa = PBXFileReference; lastKnownFileType = sourcecode.swift; path = memoApp.swift; sourceTree = "<group>"; };
		9505E02B287345DB00686797 /* LaunchView.swift */ = {isa = PBXFileReference; lastKnownFileType = sourcecode.swift; path = LaunchView.swift; sourceTree = "<group>"; };
		9505E02D287345DC00686797 /* Assets.xcassets */ = {isa = PBXFileReference; lastKnownFileType = folder.assetcatalog; path = Assets.xcassets; sourceTree = "<group>"; };
		9505E030287345DC00686797 /* Preview Assets.xcassets */ = {isa = PBXFileReference; lastKnownFileType = folder.assetcatalog; path = "Preview Assets.xcassets"; sourceTree = "<group>"; };
		9505E03C2873473700686797 /* LoginView.swift */ = {isa = PBXFileReference; lastKnownFileType = sourcecode.swift; path = LoginView.swift; sourceTree = "<group>"; };
		9505E03E2873474200686797 /* ProfileView.swift */ = {isa = PBXFileReference; lastKnownFileType = sourcecode.swift; path = ProfileView.swift; sourceTree = "<group>"; };
		9505E0402873478A00686797 /* Models.swift */ = {isa = PBXFileReference; lastKnownFileType = sourcecode.swift; path = Models.swift; sourceTree = "<group>"; };
		9505E0422873479F00686797 /* ContentModel.swift */ = {isa = PBXFileReference; lastKnownFileType = sourcecode.swift; path = ContentModel.swift; sourceTree = "<group>"; };
		9505E04428738B0200686797 /* GoogleService-Info.plist */ = {isa = PBXFileReference; lastKnownFileType = text.plist; path = "GoogleService-Info.plist"; sourceTree = SOURCE_ROOT; };
		E45449C981FE62B9ECD15AED /* Pods_memo.framework */ = {isa = PBXFileReference; explicitFileType = wrapper.framework; includeInIndex = 0; path = Pods_memo.framework; sourceTree = BUILT_PRODUCTS_DIR; };
		FFA1EA6703A474B785EA7B37 /* Pods-memo.release.xcconfig */ = {isa = PBXFileReference; includeInIndex = 1; lastKnownFileType = text.xcconfig; name = "Pods-memo.release.xcconfig"; path = "Target Support Files/Pods-memo/Pods-memo.release.xcconfig"; sourceTree = "<group>"; };
/* End PBXFileReference section */

/* Begin PBXFrameworksBuildPhase section */
		9505E023287345DB00686797 /* Frameworks */ = {
			isa = PBXFrameworksBuildPhase;
			buildActionMask = 2147483647;
			files = (
				7D24A7F8D6F15F456C80E786 /* Pods_memo.framework in Frameworks */,
			);
			runOnlyForDeploymentPostprocessing = 0;
		};
/* End PBXFrameworksBuildPhase section */

/* Begin PBXGroup section */
		28A0CE6095163F2C30D58247 /* Frameworks */ = {
			isa = PBXGroup;
			children = (
				E45449C981FE62B9ECD15AED /* Pods_memo.framework */,
			);
			name = Frameworks;
			sourceTree = "<group>";
		};
		497AD2885C3C96C7BEA757B3 /* Pods */ = {
			isa = PBXGroup;
			children = (
				1B24FE2209F722F0573A25B1 /* Pods-memo.debug.xcconfig */,
				FFA1EA6703A474B785EA7B37 /* Pods-memo.release.xcconfig */,
			);
			name = Pods;
			path = Pods;
			sourceTree = "<group>";
		};
		9505E01D287345DB00686797 = {
			isa = PBXGroup;
			children = (
				9505E028287345DB00686797 /* memo */,
				9505E027287345DB00686797 /* Products */,
				497AD2885C3C96C7BEA757B3 /* Pods */,
				28A0CE6095163F2C30D58247 /* Frameworks */,
			);
			sourceTree = "<group>";
		};
		9505E027287345DB00686797 /* Products */ = {
			isa = PBXGroup;
			children = (
				9505E026287345DB00686797 /* memo.app */,
			);
			name = Products;
			sourceTree = "<group>";
		};
		9505E028287345DB00686797 /* memo */ = {
			isa = PBXGroup;
			children = (
				9505E029287345DB00686797 /* memoApp.swift */,
				9505E0392873468900686797 /* Views */,
				9505E0382873467F00686797 /* ViewModels */,
				9505E0372873467300686797 /* Models */,
				9505E02D287345DC00686797 /* Assets.xcassets */,
				9505E04428738B0200686797 /* GoogleService-Info.plist */,
				9505E02F287345DC00686797 /* Preview Content */,
			);
			path = memo;
			sourceTree = "<group>";
		};
		9505E02F287345DC00686797 /* Preview Content */ = {
			isa = PBXGroup;
			children = (
				9505E030287345DC00686797 /* Preview Assets.xcassets */,
			);
			path = "Preview Content";
			sourceTree = "<group>";
		};
		9505E0372873467300686797 /* Models */ = {
			isa = PBXGroup;
			children = (
				9505E0402873478A00686797 /* Models.swift */,
			);
			path = Models;
			sourceTree = "<group>";
		};
		9505E0382873467F00686797 /* ViewModels */ = {
			isa = PBXGroup;
			children = (
				9505E0422873479F00686797 /* ContentModel.swift */,
			);
			path = ViewModels;
			sourceTree = "<group>";
		};
		9505E0392873468900686797 /* Views */ = {
			isa = PBXGroup;
			children = (
				9505E02B287345DB00686797 /* LaunchView.swift */,
				9505E03A287346CD00686797 /* Account */,
				9505E03B287346D700686797 /* Home */,
			);
			path = Views;
			sourceTree = "<group>";
		};
		9505E03A287346CD00686797 /* Account */ = {
			isa = PBXGroup;
			children = (
				9505E03C2873473700686797 /* LoginView.swift */,
				9505E03E2873474200686797 /* ProfileView.swift */,
			);
			path = Account;
			sourceTree = "<group>";
		};
		9505E03B287346D700686797 /* Home */ = {
			isa = PBXGroup;
			children = (
			);
			path = Home;
			sourceTree = "<group>";
		};
/* End PBXGroup section */

/* Begin PBXNativeTarget section */
		9505E025287345DB00686797 /* memo */ = {
			isa = PBXNativeTarget;
			buildConfigurationList = 9505E034287345DC00686797 /* Build configuration list for PBXNativeTarget "memo" */;
			buildPhases = (
				717F0C8A585CAD589F036019 /* [CP] Check Pods Manifest.lock */,
				9505E022287345DB00686797 /* Sources */,
				9505E023287345DB00686797 /* Frameworks */,
				9505E024287345DB00686797 /* Resources */,
				F752F1EAA5633554AAF9A99E /* [CP] Embed Pods Frameworks */,
			);
			buildRules = (
			);
			dependencies = (
			);
			name = memo;
			productName = memo;
			productReference = 9505E026287345DB00686797 /* memo.app */;
			productType = "com.apple.product-type.application";
		};
/* End PBXNativeTarget section */

/* Begin PBXProject section */
		9505E01E287345DB00686797 /* Project object */ = {
			isa = PBXProject;
			attributes = {
				BuildIndependentTargetsInParallel = 1;
				LastSwiftUpdateCheck = 1340;
				LastUpgradeCheck = 1340;
				TargetAttributes = {
					9505E025287345DB00686797 = {
						CreatedOnToolsVersion = 13.4.1;
					};
				};
			};
			buildConfigurationList = 9505E021287345DB00686797 /* Build configuration list for PBXProject "memo" */;
			compatibilityVersion = "Xcode 13.0";
			developmentRegion = en;
			hasScannedForEncodings = 0;
			knownRegions = (
				en,
				Base,
			);
			mainGroup = 9505E01D287345DB00686797;
			productRefGroup = 9505E027287345DB00686797 /* Products */;
			projectDirPath = "";
			projectRoot = "";
			targets = (
				9505E025287345DB00686797 /* memo */,
			);
		};
/* End PBXProject section */

/* Begin PBXResourcesBuildPhase section */
		9505E024287345DB00686797 /* Resources */ = {
			isa = PBXResourcesBuildPhase;
			buildActionMask = 2147483647;
			files = (
				9505E031287345DC00686797 /* Preview Assets.xcassets in Resources */,
				9505E02E287345DC00686797 /* Assets.xcassets in Resources */,
				9505E04528738B0200686797 /* GoogleService-Info.plist in Resources */,
			);
			runOnlyForDeploymentPostprocessing = 0;
		};
/* End PBXResourcesBuildPhase section */

/* Begin PBXShellScriptBuildPhase section */
		717F0C8A585CAD589F036019 /* [CP] Check Pods Manifest.lock */ = {
			isa = PBXShellScriptBuildPhase;
			buildActionMask = 2147483647;
			files = (
			);
			inputFileListPaths = (
			);
			inputPaths = (
				"${PODS_PODFILE_DIR_PATH}/Podfile.lock",
				"${PODS_ROOT}/Manifest.lock",
			);
			name = "[CP] Check Pods Manifest.lock";
			outputFileListPaths = (
			);
			outputPaths = (
				"$(DERIVED_FILE_DIR)/Pods-memo-checkManifestLockResult.txt",
			);
			runOnlyForDeploymentPostprocessing = 0;
			shellPath = /bin/sh;
			shellScript = "diff \"${PODS_PODFILE_DIR_PATH}/Podfile.lock\" \"${PODS_ROOT}/Manifest.lock\" > /dev/null\nif [ $? != 0 ] ; then\n    # print error to STDERR\n    echo \"error: The sandbox is not in sync with the Podfile.lock. Run 'pod install' or update your CocoaPods installation.\" >&2\n    exit 1\nfi\n# This output is used by Xcode 'outputs' to avoid re-running this script phase.\necho \"SUCCESS\" > \"${SCRIPT_OUTPUT_FILE_0}\"\n";
			showEnvVarsInLog = 0;
		};
		F752F1EAA5633554AAF9A99E /* [CP] Embed Pods Frameworks */ = {
			isa = PBXShellScriptBuildPhase;
			buildActionMask = 2147483647;
			files = (
			);
			inputFileListPaths = (
				"${PODS_ROOT}/Target Support Files/Pods-memo/Pods-memo-frameworks-${CONFIGURATION}-input-files.xcfilelist",
			);
			name = "[CP] Embed Pods Frameworks";
			outputFileListPaths = (
				"${PODS_ROOT}/Target Support Files/Pods-memo/Pods-memo-frameworks-${CONFIGURATION}-output-files.xcfilelist",
			);
			runOnlyForDeploymentPostprocessing = 0;
			shellPath = /bin/sh;
			shellScript = "\"${PODS_ROOT}/Target Support Files/Pods-memo/Pods-memo-frameworks.sh\"\n";
			showEnvVarsInLog = 0;
		};
/* End PBXShellScriptBuildPhase section */

/* Begin PBXSourcesBuildPhase section */
		9505E022287345DB00686797 /* Sources */ = {
			isa = PBXSourcesBuildPhase;
			buildActionMask = 2147483647;
			files = (
				9505E03F2873474200686797 /* ProfileView.swift in Sources */,
				9505E03D2873473700686797 /* LoginView.swift in Sources */,
				9505E02C287345DB00686797 /* LaunchView.swift in Sources */,
				9505E02A287345DB00686797 /* memoApp.swift in Sources */,
				9505E0412873478A00686797 /* Models.swift in Sources */,
				9505E0432873479F00686797 /* ContentModel.swift in Sources */,
			);
			runOnlyForDeploymentPostprocessing = 0;
		};
/* End PBXSourcesBuildPhase section */

/* Begin XCBuildConfiguration section */
		9505E032287345DC00686797 /* Debug */ = {
			isa = XCBuildConfiguration;
			buildSettings = {
				ALWAYS_SEARCH_USER_PATHS = NO;
				CLANG_ANALYZER_NONNULL = YES;
				CLANG_ANALYZER_NUMBER_OBJECT_CONVERSION = YES_AGGRESSIVE;
				CLANG_CXX_LANGUAGE_STANDARD = "gnu++17";
				CLANG_ENABLE_MODULES = YES;
				CLANG_ENABLE_OBJC_ARC = YES;
				CLANG_ENABLE_OBJC_WEAK = YES;
				CLANG_WARN_BLOCK_CAPTURE_AUTORELEASING = YES;
				CLANG_WARN_BOOL_CONVERSION = YES;
				CLANG_WARN_COMMA = YES;
				CLANG_WARN_CONSTANT_CONVERSION = YES;
				CLANG_WARN_DEPRECATED_OBJC_IMPLEMENTATIONS = YES;
				CLANG_WARN_DIRECT_OBJC_ISA_USAGE = YES_ERROR;
				CLANG_WARN_DOCUMENTATION_COMMENTS = YES;
				CLANG_WARN_EMPTY_BODY = YES;
				CLANG_WARN_ENUM_CONVERSION = YES;
				CLANG_WARN_INFINITE_RECURSION = YES;
				CLANG_WARN_INT_CONVERSION = YES;
				CLANG_WARN_NON_LITERAL_NULL_CONVERSION = YES;
				CLANG_WARN_OBJC_IMPLICIT_RETAIN_SELF = YES;
				CLANG_WARN_OBJC_LITERAL_CONVERSION = YES;
				CLANG_WARN_OBJC_ROOT_CLASS = YES_ERROR;
				CLANG_WARN_QUOTED_INCLUDE_IN_FRAMEWORK_HEADER = YES;
				CLANG_WARN_RANGE_LOOP_ANALYSIS = YES;
				CLANG_WARN_STRICT_PROTOTYPES = YES;
				CLANG_WARN_SUSPICIOUS_MOVE = YES;
				CLANG_WARN_UNGUARDED_AVAILABILITY = YES_AGGRESSIVE;
				CLANG_WARN_UNREACHABLE_CODE = YES;
				CLANG_WARN__DUPLICATE_METHOD_MATCH = YES;
				COPY_PHASE_STRIP = NO;
				DEBUG_INFORMATION_FORMAT = dwarf;
				ENABLE_STRICT_OBJC_MSGSEND = YES;
				ENABLE_TESTABILITY = YES;
				GCC_C_LANGUAGE_STANDARD = gnu11;
				GCC_DYNAMIC_NO_PIC = NO;
				GCC_NO_COMMON_BLOCKS = YES;
				GCC_OPTIMIZATION_LEVEL = 0;
				GCC_PREPROCESSOR_DEFINITIONS = (
					"DEBUG=1",
					"$(inherited)",
				);
				GCC_WARN_64_TO_32_BIT_CONVERSION = YES;
				GCC_WARN_ABOUT_RETURN_TYPE = YES_ERROR;
				GCC_WARN_UNDECLARED_SELECTOR = YES;
				GCC_WARN_UNINITIALIZED_AUTOS = YES_AGGRESSIVE;
				GCC_WARN_UNUSED_FUNCTION = YES;
				GCC_WARN_UNUSED_VARIABLE = YES;
				IPHONEOS_DEPLOYMENT_TARGET = 15.5;
				MTL_ENABLE_DEBUG_INFO = INCLUDE_SOURCE;
				MTL_FAST_MATH = YES;
				ONLY_ACTIVE_ARCH = YES;
				SDKROOT = iphoneos;
				SWIFT_ACTIVE_COMPILATION_CONDITIONS = DEBUG;
				SWIFT_OPTIMIZATION_LEVEL = "-Onone";
			};
			name = Debug;
		};
		9505E033287345DC00686797 /* Release */ = {
			isa = XCBuildConfiguration;
			buildSettings = {
				ALWAYS_SEARCH_USER_PATHS = NO;
				CLANG_ANALYZER_NONNULL = YES;
				CLANG_ANALYZER_NUMBER_OBJECT_CONVERSION = YES_AGGRESSIVE;
				CLANG_CXX_LANGUAGE_STANDARD = "gnu++17";
				CLANG_ENABLE_MODULES = YES;
				CLANG_ENABLE_OBJC_ARC = YES;
				CLANG_ENABLE_OBJC_WEAK = YES;
				CLANG_WARN_BLOCK_CAPTURE_AUTORELEASING = YES;
				CLANG_WARN_BOOL_CONVERSION = YES;
				CLANG_WARN_COMMA = YES;
				CLANG_WARN_CONSTANT_CONVERSION = YES;
				CLANG_WARN_DEPRECATED_OBJC_IMPLEMENTATIONS = YES;
				CLANG_WARN_DIRECT_OBJC_ISA_USAGE = YES_ERROR;
				CLANG_WARN_DOCUMENTATION_COMMENTS = YES;
				CLANG_WARN_EMPTY_BODY = YES;
				CLANG_WARN_ENUM_CONVERSION = YES;
				CLANG_WARN_INFINITE_RECURSION = YES;
				CLANG_WARN_INT_CONVERSION = YES;
				CLANG_WARN_NON_LITERAL_NULL_CONVERSION = YES;
				CLANG_WARN_OBJC_IMPLICIT_RETAIN_SELF = YES;
				CLANG_WARN_OBJC_LITERAL_CONVERSION = YES;
				CLANG_WARN_OBJC_ROOT_CLASS = YES_ERROR;
				CLANG_WARN_QUOTED_INCLUDE_IN_FRAMEWORK_HEADER = YES;
				CLANG_WARN_RANGE_LOOP_ANALYSIS = YES;
				CLANG_WARN_STRICT_PROTOTYPES = YES;
				CLANG_WARN_SUSPICIOUS_MOVE = YES;
				CLANG_WARN_UNGUARDED_AVAILABILITY = YES_AGGRESSIVE;
				CLANG_WARN_UNREACHABLE_CODE = YES;
				CLANG_WARN__DUPLICATE_METHOD_MATCH = YES;
				COPY_PHASE_STRIP = NO;
				DEBUG_INFORMATION_FORMAT = "dwarf-with-dsym";
				ENABLE_NS_ASSERTIONS = NO;
				ENABLE_STRICT_OBJC_MSGSEND = YES;
				GCC_C_LANGUAGE_STANDARD = gnu11;
				GCC_NO_COMMON_BLOCKS = YES;
				GCC_WARN_64_TO_32_BIT_CONVERSION = YES;
				GCC_WARN_ABOUT_RETURN_TYPE = YES_ERROR;
				GCC_WARN_UNDECLARED_SELECTOR = YES;
				GCC_WARN_UNINITIALIZED_AUTOS = YES_AGGRESSIVE;
				GCC_WARN_UNUSED_FUNCTION = YES;
				GCC_WARN_UNUSED_VARIABLE = YES;
				IPHONEOS_DEPLOYMENT_TARGET = 15.5;
				MTL_ENABLE_DEBUG_INFO = NO;
				MTL_FAST_MATH = YES;
				SDKROOT = iphoneos;
				SWIFT_COMPILATION_MODE = wholemodule;
				SWIFT_OPTIMIZATION_LEVEL = "-O";
				VALIDATE_PRODUCT = YES;
			};
			name = Release;
		};
		9505E035287345DC00686797 /* Debug */ = {
			isa = XCBuildConfiguration;
			baseConfigurationReference = 1B24FE2209F722F0573A25B1 /* Pods-memo.debug.xcconfig */;
			buildSettings = {
				ASSETCATALOG_COMPILER_APPICON_NAME = AppIcon;
				ASSETCATALOG_COMPILER_GLOBAL_ACCENT_COLOR_NAME = AccentColor;
				CODE_SIGN_STYLE = Automatic;
				CURRENT_PROJECT_VERSION = 1;
				DEVELOPMENT_ASSET_PATHS = "\"memo/Preview Content\"";
				DEVELOPMENT_TEAM = S22BM23G87;
				ENABLE_PREVIEWS = YES;
				GENERATE_INFOPLIST_FILE = YES;
				INFOPLIST_KEY_UIApplicationSceneManifest_Generation = YES;
				INFOPLIST_KEY_UIApplicationSupportsIndirectInputEvents = YES;
				INFOPLIST_KEY_UILaunchScreen_Generation = YES;
				INFOPLIST_KEY_UISupportedInterfaceOrientations_iPad = "UIInterfaceOrientationPortrait UIInterfaceOrientationPortraitUpsideDown UIInterfaceOrientationLandscapeLeft UIInterfaceOrientationLandscapeRight";
				INFOPLIST_KEY_UISupportedInterfaceOrientations_iPhone = "UIInterfaceOrientationPortrait UIInterfaceOrientationLandscapeLeft UIInterfaceOrientationLandscapeRight";
				LD_RUNPATH_SEARCH_PATHS = (
					"$(inherited)",
					"@executable_path/Frameworks",
				);
				MARKETING_VERSION = 1.0;
				PRODUCT_BUNDLE_IDENTIFIER = me.synology.dhrohsn.memo;
				PRODUCT_NAME = "$(TARGET_NAME)";
				SWIFT_EMIT_LOC_STRINGS = YES;
				SWIFT_VERSION = 5.0;
				TARGETED_DEVICE_FAMILY = "1,2";
			};
			name = Debug;
		};
		9505E036287345DC00686797 /* Release */ = {
			isa = XCBuildConfiguration;
			baseConfigurationReference = FFA1EA6703A474B785EA7B37 /* Pods-memo.release.xcconfig */;
			buildSettings = {
				ASSETCATALOG_COMPILER_APPICON_NAME = AppIcon;
				ASSETCATALOG_COMPILER_GLOBAL_ACCENT_COLOR_NAME = AccentColor;
				CODE_SIGN_STYLE = Automatic;
				CURRENT_PROJECT_VERSION = 1;
				DEVELOPMENT_ASSET_PATHS = "\"memo/Preview Content\"";
				DEVELOPMENT_TEAM = S22BM23G87;
				ENABLE_PREVIEWS = YES;
				GENERATE_INFOPLIST_FILE = YES;
				INFOPLIST_KEY_UIApplicationSceneManifest_Generation = YES;
				INFOPLIST_KEY_UIApplicationSupportsIndirectInputEvents = YES;
				INFOPLIST_KEY_UILaunchScreen_Generation = YES;
				INFOPLIST_KEY_UISupportedInterfaceOrientations_iPad = "UIInterfaceOrientationPortrait UIInterfaceOrientationPortraitUpsideDown UIInterfaceOrientationLandscapeLeft UIInterfaceOrientationLandscapeRight";
				INFOPLIST_KEY_UISupportedInterfaceOrientations_iPhone = "UIInterfaceOrientationPortrait UIInterfaceOrientationLandscapeLeft UIInterfaceOrientationLandscapeRight";
				LD_RUNPATH_SEARCH_PATHS = (
					"$(inherited)",
					"@executable_path/Frameworks",
				);
				MARKETING_VERSION = 1.0;
				PRODUCT_BUNDLE_IDENTIFIER = me.synology.dhrohsn.memo;
				PRODUCT_NAME = "$(TARGET_NAME)";
				SWIFT_EMIT_LOC_STRINGS = YES;
				SWIFT_VERSION = 5.0;
				TARGETED_DEVICE_FAMILY = "1,2";
			};
			name = Release;
		};
/* End XCBuildConfiguration section */

/* Begin XCConfigurationList section */
		9505E021287345DB00686797 /* Build configuration list for PBXProject "memo" */ = {
			isa = XCConfigurationList;
			buildConfigurations = (
				9505E032287345DC00686797 /* Debug */,
				9505E033287345DC00686797 /* Release */,
			);
			defaultConfigurationIsVisible = 0;
			defaultConfigurationName = Release;
		};
		9505E034287345DC00686797 /* Build configuration list for PBXNativeTarget "memo" */ = {
			isa = XCConfigurationList;
			buildConfigurations = (
				9505E035287345DC00686797 /* Debug */,
				9505E036287345DC00686797 /* Release */,
			);
			defaultConfigurationIsVisible = 0;
			defaultConfigurationName = Release;
		};
/* End XCConfigurationList section */
	};
	rootObject = 9505E01E287345DB00686797 /* Project object */;
}
